
Microsoft Visual Studio Solution File, Format Version 12.00
# Visual Studio Version 17
VisualStudioVersion = 17.3.32825.248
MinimumVisualStudioVersion = 10.0.40219.1
Project("{9A19103F-16F7-4668-BE54-9A1E7A4F7556}") = "LanguageConsult", "LanguageConsult.csproj", "{1EFFE529-4712-4BE7-B038-974D53554DA5}"
EndProject
Project("{9A19103F-16F7-4668-BE54-9A1E7A4F7556}") = "LibraryTester", "..\LibraryTester\LibraryTester.csproj", "{F0EE5EC5-8BE5-4679-9894-44682D0130BC}"
EndProject
Global
	GlobalSection(SolutionConfigurationPlatforms) = preSolution
		Debug|Any CPU = Debug|Any CPU
		Release|Any CPU = Release|Any CPU
	EndGlobalSection
	GlobalSection(ProjectConfigurationPlatforms) = postSolution
		{1EFFE529-4712-4BE7-B038-974D53554DA5}.Debug|Any CPU.ActiveCfg = Debug|Any CPU
		{1EFFE529-4712-4BE7-B038-974D53554DA5}.Debug|Any CPU.Build.0 = Debug|Any CPU
		{1EFFE529-4712-4BE7-B038-974D53554DA5}.Release|Any CPU.ActiveCfg = Release|Any CPU
		{1EFFE529-4712-4BE7-B038-974D53554DA5}.Release|Any CPU.Build.0 = Release|Any CPU
		{F0EE5EC5-8BE5-4679-9894-44682D0130BC}.Debug|Any CPU.ActiveCfg = Debug|Any CPU
		{F0EE5EC5-8BE5-4679-9894-44682D0130BC}.Debug|Any CPU.Build.0 = Debug|Any CPU
		{F0EE5EC5-8BE5-4679-9894-44682D0130BC}.Release|Any CPU.ActiveCfg = Release|Any CPU
		{F0EE5EC5-8BE5-4679-9894-44682D0130BC}.Release|Any CPU.Build.0 = Release|Any CPU
	EndGlobalSection
	GlobalSection(SolutionProperties) = preSolution
		HideSolutionNode = FALSE
	EndGlobalSection
	GlobalSection(ExtensibilityGlobals) = postSolution
		SolutionGuid = {3580085B-856D-4D6F-89F3-862A82F6F063}
	EndGlobalSection
EndGlobal
